
Microsoft Visual Studio Solution File, Format Version 12.00
# Visual Studio Version 17
VisualStudioVersion = 17.0.32112.339
MinimumVisualStudioVersion = 10.0.40219.1
Project("{FAE04EC0-301F-11D3-BF4B-00C04F79EFBC}") = "AdvancedProgrammingClass1", "AdvancedProgrammingClass1\AdvancedProgrammingClass1.csproj", "{274AE2CA-1A62-4CFB-82D9-2A44303D70C2}"
EndProject
Global
	GlobalSection(SolutionConfigurationPlatforms) = preSolution
		Debug|Any CPU = Debug|Any CPU
		Release|Any CPU = Release|Any CPU
	EndGlobalSection
	GlobalSection(ProjectConfigurationPlatforms) = postSolution
		{274AE2CA-1A62-4CFB-82D9-2A44303D70C2}.Debug|Any CPU.ActiveCfg = Debug|Any CPU
		{274AE2CA-1A62-4CFB-82D9-2A44303D70C2}.Debug|Any CPU.Build.0 = Debug|Any CPU
		{274AE2CA-1A62-4CFB-82D9-2A44303D70C2}.Release|Any CPU.ActiveCfg = Release|Any CPU
		{274AE2CA-1A62-4CFB-82D9-2A44303D70C2}.Release|Any CPU.Build.0 = Release|Any CPU
	EndGlobalSection
	GlobalSection(SolutionProperties) = preSolution
		HideSolutionNode = FALSE
	EndGlobalSection
	GlobalSection(ExtensibilityGlobals) = postSolution
		SolutionGuid = {578A41B0-1B74-448B-80CB-B501B2F5DDA4}
	EndGlobalSection
EndGlobal
